Microsoft Visual Studio Solution File, Format Version 12.00
# Visual Studio Version 17
VisualStudioVersion = 17.5.2.0
MinimumVisualStudioVersion = 10.0.40219.1
Project("{FAE04EC0-301F-11D3-BF4B-00C04F79EFBC}") = "schedule slot", "schedule slot.csproj", "{77252A8C-94DC-0328-173A-B53FA35C4368}"
EndProject
Global
	GlobalSection(SolutionConfigurationPlatforms) = preSolution
		Debug|Any CPU = Debug|Any CPU
		Release|Any CPU = Release|Any CPU
	EndGlobalSection
	GlobalSection(ProjectConfigurationPlatforms) = postSolution
		{77252A8C-94DC-0328-173A-B53FA35C4368}.Debug|Any CPU.ActiveCfg = Debug|Any CPU
		{77252A8C-94DC-0328-173A-B53FA35C4368}.Debug|Any CPU.Build.0 = Debug|Any CPU
		{77252A8C-94DC-0328-173A-B53FA35C4368}.Release|Any CPU.ActiveCfg = Release|Any CPU
		{77252A8C-94DC-0328-173A-B53FA35C4368}.Release|Any CPU.Build.0 = Release|Any CPU
	EndGlobalSection
	GlobalSection(SolutionProperties) = preSolution
		HideSolutionNode = FALSE
	EndGlobalSection
	GlobalSection(ExtensibilityGlobals) = postSolution
		SolutionGuid = {5D2635FA-0B2E-40BA-8795-7F26C54844CC}
	EndGlobalSection
EndGlobal
